
Microsoft Visual Studio Solution File, Format Version 12.00
# Visual Studio Version 17
VisualStudioVersion = 17.4.33403.182
MinimumVisualStudioVersion = 10.0.40219.1
Project("{FAE04EC0-301F-11D3-BF4B-00C04F79EFBC}") = "BulkyBookWeb", "BulkyBookWeb\BulkyBookWeb.csproj", "{8F4DF30F-BCFC-45B2-A535-6A41F410C738}"
EndProject
Global
	GlobalSection(SolutionConfigurationPlatforms) = preSolution
		Debug|Any CPU = Debug|Any CPU
		Release|Any CPU = Release|Any CPU
	EndGlobalSection
	GlobalSection(ProjectConfigurationPlatforms) = postSolution
		{8F4DF30F-BCFC-45B2-A535-6A41F410C738}.Debug|Any CPU.ActiveCfg = Debug|Any CPU
		{8F4DF30F-BCFC-45B2-A535-6A41F410C738}.Debug|Any CPU.Build.0 = Debug|Any CPU
		{8F4DF30F-BCFC-45B2-A535-6A41F410C738}.Release|Any CPU.ActiveCfg = Release|Any CPU
		{8F4DF30F-BCFC-45B2-A535-6A41F410C738}.Release|Any CPU.Build.0 = Release|Any CPU
	EndGlobalSection
	GlobalSection(SolutionProperties) = preSolution
		HideSolutionNode = FALSE
	EndGlobalSection
	GlobalSection(ExtensibilityGlobals) = postSolution
		SolutionGuid = {2A809E2C-28C0-4892-A65D-EC21E909F2F6}
	EndGlobalSection
EndGlobal
